{
  "projects": [
    {
      "projectId": "i3z63WaCLuRiSZRBwZC8d1",
      "version": "6.11.0",
      "dependencies": {},
      "lang": "ts",
      "fileLocks": [
        {
          "assetId": "i3z63WaCLuRiSZRBwZC8d1",
          "type": "projectCss",
          "checksum": "e1ec850476829c38b0f9b6d4f7ac446a"
        },
        {
          "assetId": "i3z63WaCLuRiSZRBwZC8d1",
          "checksum": "229540bc8ffefda22c80bebd71168126",
          "type": "globalContexts"
        }
      ],
      "codegenVersion": "0.0.1"
    },
    {
      "projectId": "xp1p7dmg329XVLHyuEUxD2",
      "version": "11.24.0",
      "dependencies": {},
      "lang": "ts",
      "fileLocks": [
        {
          "assetId": "xp1p7dmg329XVLHyuEUxD2",
          "type": "projectCss",
          "checksum": "1b891cf9539f1db972dc4163ae1172e9"
        }
      ],
      "codegenVersion": "0.0.1"
    },
    {
      "projectId": "aibJ3fYdg3gA8bsukWWV8J",
      "version": "latest",
      "dependencies": {
        "xp1p7dmg329XVLHyuEUxD2": "11.24.0",
        "i3z63WaCLuRiSZRBwZC8d1": "6.11.0"
      },
      "lang": "ts",
      "fileLocks": [
        {
          "type": "globalVariant",
          "assetId": "MYkAi1huWOp9",
          "checksum": "062286be79538cbc7a8e074378040486"
        },
        {
          "assetId": "aibJ3fYdg3gA8bsukWWV8J",
          "checksum": "a4eccf16cbfe604c5596c16533f19a03",
          "type": "globalContexts"
        },
        {
          "type": "renderModule",
          "assetId": "Hl--hrC1NsQO",
          "checksum": "063129004bb9932666c64120b7605d9a"
        },
        {
          "type": "cssRules",
          "assetId": "Hl--hrC1NsQO",
          "checksum": "063129004bb9932666c64120b7605d9a"
        },
        {
          "type": "renderModule",
          "assetId": "ozOApxgSHvpK",
          "checksum": "939e824e5ce7bb8628f3828825a6b1db"
        },
        {
          "type": "cssRules",
          "assetId": "ozOApxgSHvpK",
          "checksum": "939e824e5ce7bb8628f3828825a6b1db"
        },
        {
          "type": "icon",
          "assetId": "LzP5VeWmLtRd",
          "checksum": "4f8570402753d2b77c9c606926a9555a"
        },
        {
          "type": "icon",
          "assetId": "TlLaNAw8n1kO",
          "checksum": "b808078e3ceecfc32a67b4b82b536693"
        },
        {
          "type": "image",
          "assetId": "0k5q4fouKBKW",
          "checksum": "bcfee4bf3d9395d544517c17eed17c1f"
        },
        {
          "type": "image",
          "assetId": "EiPFmB69SEl5",
          "checksum": "54780190fd9d1f68ded62e1f5b0be1b0"
        },
        {
          "type": "icon",
          "assetId": "ZT2Cje1C1JYo",
          "checksum": "d8b50bb11ddf680589c3f9553fd83f29"
        },
        {
          "type": "icon",
          "assetId": "OW7cAzPo7StY",
          "checksum": "33b327d4901cdb21359d2bf1c6100679"
        },
        {
          "type": "icon",
          "assetId": "aRlRgl7fc4At",
          "checksum": "b9dec134c5b77697fac078e19b19419b"
        },
        {
          "assetId": "aibJ3fYdg3gA8bsukWWV8J",
          "type": "projectCss",
          "checksum": "a693accb9b9292946a4d46794731e4f8"
        }
      ],
      "codegenVersion": "0.0.1"
    }
  ],
  "cliVersion": "0.1.309"
}
